# This file is generated by running "yarn install" inside your project.
# Manual changes might be lost - proceed with caution!

__metadata:
  version: 6
  cacheKey: 8

"bun-types@npm:latest":
  version: 0.6.14
  resolution: "bun-types@npm:0.6.14"
  checksum: 25c7d4a1190073680d30d860f2c0c9bd96ef06a99a857b77aa8c300202b84d390a3ca4319fac5734577c05999bd5e04352aad95174e2ab55316a45937fb95c5f
  languageName: node
  linkType: hard

"reactivity@workspace:.":
  version: 0.0.0-use.local
  resolution: "reactivity@workspace:."
  dependencies:
    bun-types: latest
    statec: ^0.1.5
  peerDependencies:
    typescript: ^5.0.0
  languageName: unknown
  linkType: soft

"statec@npm:^0.1.5":
  version: 0.1.5
  resolution: "statec@npm:0.1.5"
  checksum: c8b79860d35ffa81bb60634e5cc462b0ee2e5bf0cdf36b804436dcd3c5e4456dd87e1d93ee4407612708eba5482acad835cae7eb601b538f0486c925fb92ace2
  languageName: node
  linkType: hard
